
Microsoft Visual Studio Solution File, Format Version 12.00
# Visual Studio Version 16
VisualStudioVersion = 16.0.31729.503
MinimumVisualStudioVersion = 10.0.40219.1
Project("{FAE04EC0-301F-11D3-BF4B-00C04F79EFBC}") = "1_TypyGeneryczne", "1_TypyGeneryczne\1_TypyGeneryczne.csproj", "{813840B8-BE41-48CF-B039-856D66006EE6}"
EndProject
Global
	GlobalSection(SolutionConfigurationPlatforms) = preSolution
		Debug|Any CPU = Debug|Any CPU
		Release|Any CPU = Release|Any CPU
	EndGlobalSection
	GlobalSection(ProjectConfigurationPlatforms) = postSolution
		{813840B8-BE41-48CF-B039-856D66006EE6}.Debug|Any CPU.ActiveCfg = Debug|Any CPU
		{813840B8-BE41-48CF-B039-856D66006EE6}.Debug|Any CPU.Build.0 = Debug|Any CPU
		{813840B8-BE41-48CF-B039-856D66006EE6}.Release|Any CPU.ActiveCfg = Release|Any CPU
		{813840B8-BE41-48CF-B039-856D66006EE6}.Release|Any CPU.Build.0 = Release|Any CPU
	EndGlobalSection
	GlobalSection(SolutionProperties) = preSolution
		HideSolutionNode = FALSE
	EndGlobalSection
	GlobalSection(ExtensibilityGlobals) = postSolution
		SolutionGuid = {17B9722A-493B-491D-94BC-EB76EEFAFE09}
	EndGlobalSection
EndGlobal
